// !$*UTF8*$!
{
	archiveVersion = 1;
	classes = {
	};
	objectVersion = 48;
	objects = {

/* Begin PBXBuildFile section */
		C2BADBF41FBFBC01009D02C5 /* main.swift in Sources */ = {isa = PBXBuildFile; fileRef = C2BADBF31FBFBC01009D02C5 /* main.swift */; };
		C2BADC011FBFC55F009D02C5 /* AudioLoading.swift in Sources */ = {isa = PBXBuildFile; fileRef = C2BADC001FBFC55F009D02C5 /* AudioLoading.swift */; };
		C2BADC091FC09A22009D02C5 /* Output.swift in Sources */ = {isa = PBXBuildFile; fileRef = C2BADC081FC09A22009D02C5 /* Output.swift */; };
/* End PBXBuildFile section */

/* Begin PBXCopyFilesBuildPhase section */
		C2BADBEE1FBFBC01009D02C5 /* CopyFiles */ = {
			isa = PBXCopyFilesBuildPhase;
			buildActionMask = 2147483647;
			dstPath = /usr/share/man/man1/;
			dstSubfolderSpec = 0;
			files = (
			);
			runOnlyForDeploymentPostprocessing = 1;
		};
/* End PBXCopyFilesBuildPhase section */

/* Begin PBXFileReference section */
		C2BADBF01FBFBC01009D02C5 /* pitchanalysis */ = {isa = PBXFileReference; explicitFileType = "compiled.mach-o.executable"; includeInIndex = 0; path = pitchanalysis; sourceTree = BUILT_PRODUCTS_DIR; };
		C2BADBF31FBFBC01009D02C5 /* main.swift */ = {isa = PBXFileReference; lastKnownFileType = sourcecode.swift; path = main.swift; sourceTree = "<group>"; };
		C2BADBFC1FBFBF49009D02C5 /* Essentia.framework */ = {isa = PBXFileReference; explicitFileType = wrapper.framework; path = Essentia.framework; sourceTree = BUILT_PRODUCTS_DIR; };
		C2BADBFD1FBFBF4E009D02C5 /* Accelerate.framework */ = {isa = PBXFileReference; lastKnownFileType = wrapper.framework; name = Accelerate.framework; path = System/Library/Frameworks/Accelerate.framework; sourceTree = SDKROOT; };
		C2BADC001FBFC55F009D02C5 /* AudioLoading.swift */ = {isa = PBXFileReference; lastKnownFileType = sourcecode.swift; path = AudioLoading.swift; sourceTree = "<group>"; };
		C2BADC081FC09A22009D02C5 /* Output.swift */ = {isa = PBXFileReference; lastKnownFileType = sourcecode.swift; path = Output.swift; sourceTree = "<group>"; };
/* End PBXFileReference section */

/* Begin PBXFrameworksBuildPhase section */
		C2BADBED1FBFBC01009D02C5 /* Frameworks */ = {
			isa = PBXFrameworksBuildPhase;
			buildActionMask = 2147483647;
			files = (
			);
			runOnlyForDeploymentPostprocessing = 0;
		};
/* End PBXFrameworksBuildPhase section */

/* Begin PBXGroup section */
		C2BADBE71FBFBC01009D02C5 = {
			isa = PBXGroup;
			children = (
				C2BADBF21FBFBC01009D02C5 /* PitchAnalysis */,
				C2BADBF11FBFBC01009D02C5 /* Products */,
				C2BADBFA1FBFBF49009D02C5 /* Frameworks */,
			);
			sourceTree = "<group>";
		};
		C2BADBF11FBFBC01009D02C5 /* Products */ = {
			isa = PBXGroup;
			children = (
				C2BADBF01FBFBC01009D02C5 /* pitchanalysis */,
			);
			name = Products;
			sourceTree = "<group>";
		};
		C2BADBF21FBFBC01009D02C5 /* PitchAnalysis */ = {
			isa = PBXGroup;
			children = (
				C2BADC081FC09A22009D02C5 /* Output.swift */,
				C2BADBF31FBFBC01009D02C5 /* main.swift */,
				C2BADC001FBFC55F009D02C5 /* AudioLoading.swift */,
			);
			path = PitchAnalysis;
			sourceTree = "<group>";
		};
		C2BADBFA1FBFBF49009D02C5 /* Frameworks */ = {
			isa = PBXGroup;
			children = (
				C2BADBFD1FBFBF4E009D02C5 /* Accelerate.framework */,
				C2BADBFC1FBFBF49009D02C5 /* Essentia.framework */,
			);
			name = Frameworks;
			sourceTree = "<group>";
		};
/* End PBXGroup section */

/* Begin PBXNativeTarget section */
		C2BADBEF1FBFBC01009D02C5 /* PitchAnalysis */ = {
			isa = PBXNativeTarget;
			buildConfigurationList = C2BADBF71FBFBC01009D02C5 /* Build configuration list for PBXNativeTarget "PitchAnalysis" */;
			buildPhases = (
				C2BADBEC1FBFBC01009D02C5 /* Sources */,
				C2BADBED1FBFBC01009D02C5 /* Frameworks */,
				C2BADBEE1FBFBC01009D02C5 /* CopyFiles */,
			);
			buildRules = (
			);
			dependencies = (
			);
			name = PitchAnalysis;
			productName = PitchAnalysis;
			productReference = C2BADBF01FBFBC01009D02C5 /* pitchanalysis */;
			productType = "com.apple.product-type.tool";
		};
/* End PBXNativeTarget section */

/* Begin PBXProject section */
		C2BADBE81FBFBC01009D02C5 /* Project object */ = {
			isa = PBXProject;
			attributes = {
				LastSwiftUpdateCheck = 0910;
				LastUpgradeCheck = 0910;
				ORGANIZATIONNAME = "Moondeer Studios";
				TargetAttributes = {
					C2BADBEF1FBFBC01009D02C5 = {
						CreatedOnToolsVersion = 9.1;
						ProvisioningStyle = Automatic;
					};
				};
			};
			buildConfigurationList = C2BADBEB1FBFBC01009D02C5 /* Build configuration list for PBXProject "PitchAnalysis" */;
			compatibilityVersion = "Xcode 8.0";
			developmentRegion = en;
			hasScannedForEncodings = 0;
			knownRegions = (
				en,
			);
			mainGroup = C2BADBE71FBFBC01009D02C5;
			productRefGroup = C2BADBF11FBFBC01009D02C5 /* Products */;
			projectDirPath = "";
			projectRoot = "";
			targets = (
				C2BADBEF1FBFBC01009D02C5 /* PitchAnalysis */,
			);
		};
/* End PBXProject section */

/* Begin PBXSourcesBuildPhase section */
		C2BADBEC1FBFBC01009D02C5 /* Sources */ = {
			isa = PBXSourcesBuildPhase;
			buildActionMask = 2147483647;
			files = (
				C2BADBF41FBFBC01009D02C5 /* main.swift in Sources */,
				C2BADC091FC09A22009D02C5 /* Output.swift in Sources */,
				C2BADC011FBFC55F009D02C5 /* AudioLoading.swift in Sources */,
			);
			runOnlyForDeploymentPostprocessing = 0;
		};
/* End PBXSourcesBuildPhase section */

/* Begin XCBuildConfiguration section */
		C2BADBF51FBFBC01009D02C5 /* Debug */ = {
			isa = XCBuildConfiguration;
			buildSettings = {
				ALWAYS_SEARCH_USER_PATHS = NO;
				CLANG_ANALYZER_NONNULL = YES;
				CLANG_ANALYZER_NUMBER_OBJECT_CONVERSION = YES_AGGRESSIVE;
				CLANG_CXX_LANGUAGE_STANDARD = "gnu++14";
				CLANG_CXX_LIBRARY = "libc++";
				CLANG_ENABLE_MODULES = YES;
				CLANG_ENABLE_OBJC_ARC = YES;
				CLANG_WARN_BLOCK_CAPTURE_AUTORELEASING = YES;
				CLANG_WARN_BOOL_CONVERSION = YES;
				CLANG_WARN_COMMA = YES;
				CLANG_WARN_CONSTANT_CONVERSION = YES;
				CLANG_WARN_DIRECT_OBJC_ISA_USAGE = YES_ERROR;
				CLANG_WARN_DOCUMENTATION_COMMENTS = YES;
				CLANG_WARN_EMPTY_BODY = YES;
				CLANG_WARN_ENUM_CONVERSION = YES;
				CLANG_WARN_INFINITE_RECURSION = YES;
				CLANG_WARN_INT_CONVERSION = YES;
				CLANG_WARN_NON_LITERAL_NULL_CONVERSION = YES;
				CLANG_WARN_OBJC_LITERAL_CONVERSION = YES;
				CLANG_WARN_OBJC_ROOT_CLASS = YES_ERROR;
				CLANG_WARN_RANGE_LOOP_ANALYSIS = YES;
				CLANG_WARN_STRICT_PROTOTYPES = YES;
				CLANG_WARN_SUSPICIOUS_MOVE = YES;
				CLANG_WARN_UNGUARDED_AVAILABILITY = YES_AGGRESSIVE;
				CLANG_WARN_UNREACHABLE_CODE = YES;
				CLANG_WARN__DUPLICATE_METHOD_MATCH = YES;
				CODE_SIGN_IDENTITY = "Mac Developer";
				COPY_PHASE_STRIP = NO;
				DEBUG_INFORMATION_FORMAT = dwarf;
				ENABLE_STRICT_OBJC_MSGSEND = YES;
				ENABLE_TESTABILITY = YES;
				GCC_C_LANGUAGE_STANDARD = gnu11;
				GCC_DYNAMIC_NO_PIC = NO;
				GCC_NO_COMMON_BLOCKS = YES;
				GCC_OPTIMIZATION_LEVEL = 0;
				GCC_PREPROCESSOR_DEFINITIONS = (
					"DEBUG=1",
					"$(inherited)",
				);
				GCC_WARN_64_TO_32_BIT_CONVERSION = YES;
				GCC_WARN_ABOUT_RETURN_TYPE = YES_ERROR;
				GCC_WARN_UNDECLARED_SELECTOR = YES;
				GCC_WARN_UNINITIALIZED_AUTOS = YES_AGGRESSIVE;
				GCC_WARN_UNUSED_FUNCTION = YES;
				GCC_WARN_UNUSED_VARIABLE = YES;
				MACOSX_DEPLOYMENT_TARGET = 10.13;
				MTL_ENABLE_DEBUG_INFO = YES;
				ONLY_ACTIVE_ARCH = YES;
				SDKROOT = macosx;
				SWIFT_ACTIVE_COMPILATION_CONDITIONS = DEBUG;
				SWIFT_OPTIMIZATION_LEVEL = "-Onone";
			};
			name = Debug;
		};
		C2BADBF61FBFBC01009D02C5 /* Release */ = {
			isa = XCBuildConfiguration;
			buildSettings = {
				ALWAYS_SEARCH_USER_PATHS = NO;
				CLANG_ANALYZER_NONNULL = YES;
				CLANG_ANALYZER_NUMBER_OBJECT_CONVERSION = YES_AGGRESSIVE;
				CLANG_CXX_LANGUAGE_STANDARD = "gnu++14";
				CLANG_CXX_LIBRARY = "libc++";
				CLANG_ENABLE_MODULES = YES;
				CLANG_ENABLE_OBJC_ARC = YES;
				CLANG_WARN_BLOCK_CAPTURE_AUTORELEASING = YES;
				CLANG_WARN_BOOL_CONVERSION = YES;
				CLANG_WARN_COMMA = YES;
				CLANG_WARN_CONSTANT_CONVERSION = YES;
				CLANG_WARN_DIRECT_OBJC_ISA_USAGE = YES_ERROR;
				CLANG_WARN_DOCUMENTATION_COMMENTS = YES;
				CLANG_WARN_EMPTY_BODY = YES;
				CLANG_WARN_ENUM_CONVERSION = YES;
				CLANG_WARN_INFINITE_RECURSION = YES;
				CLANG_WARN_INT_CONVERSION = YES;
				CLANG_WARN_NON_LITERAL_NULL_CONVERSION = YES;
				CLANG_WARN_OBJC_LITERAL_CONVERSION = YES;
				CLANG_WARN_OBJC_ROOT_CLASS = YES_ERROR;
				CLANG_WARN_RANGE_LOOP_ANALYSIS = YES;
				CLANG_WARN_STRICT_PROTOTYPES = YES;
				CLANG_WARN_SUSPICIOUS_MOVE = YES;
				CLANG_WARN_UNGUARDED_AVAILABILITY = YES_AGGRESSIVE;
				CLANG_WARN_UNREACHABLE_CODE = YES;
				CLANG_WARN__DUPLICATE_METHOD_MATCH = YES;
				CODE_SIGN_IDENTITY = "Mac Developer";
				COPY_PHASE_STRIP = NO;
				DEBUG_INFORMATION_FORMAT = "dwarf-with-dsym";
				ENABLE_NS_ASSERTIONS = NO;
				ENABLE_STRICT_OBJC_MSGSEND = YES;
				GCC_C_LANGUAGE_STANDARD = gnu11;
				GCC_NO_COMMON_BLOCKS = YES;
				GCC_WARN_64_TO_32_BIT_CONVERSION = YES;
				GCC_WARN_ABOUT_RETURN_TYPE = YES_ERROR;
				GCC_WARN_UNDECLARED_SELECTOR = YES;
				GCC_WARN_UNINITIALIZED_AUTOS = YES_AGGRESSIVE;
				GCC_WARN_UNUSED_FUNCTION = YES;
				GCC_WARN_UNUSED_VARIABLE = YES;
				MACOSX_DEPLOYMENT_TARGET = 10.13;
				MTL_ENABLE_DEBUG_INFO = NO;
				SDKROOT = macosx;
				SWIFT_OPTIMIZATION_LEVEL = "-Owholemodule";
			};
			name = Release;
		};
		C2BADBF81FBFBC01009D02C5 /* Debug */ = {
			isa = XCBuildConfiguration;
			buildSettings = {
				CODE_SIGN_STYLE = Automatic;
				DEVELOPMENT_TEAM = JT6STF4SHA;
				LD_RUNPATH_SEARCH_PATHS = "$(TOOLCHAIN_DIR)/usr/lib/swift/macosx @executable_path";
				PRODUCT_NAME = pitchanalysis;
				SWIFT_FORCE_DYNAMIC_LINK_STDLIB = YES;
				SWIFT_FORCE_STATIC_LINK_STDLIB = NO;
				SWIFT_VERSION = 4.0;
			};
			name = Debug;
		};
		C2BADBF91FBFBC01009D02C5 /* Release */ = {
			isa = XCBuildConfiguration;
			buildSettings = {
				CODE_SIGN_STYLE = Automatic;
				DEVELOPMENT_TEAM = JT6STF4SHA;
				LD_RUNPATH_SEARCH_PATHS = "$(TOOLCHAIN_DIR)/usr/lib/swift/macosx @executable_path";
				PRODUCT_NAME = pitchanalysis;
				SWIFT_FORCE_DYNAMIC_LINK_STDLIB = YES;
				SWIFT_FORCE_STATIC_LINK_STDLIB = NO;
				SWIFT_VERSION = 4.0;
			};
			name = Release;
		};
/* End XCBuildConfiguration section */

/* Begin XCConfigurationList section */
		C2BADBEB1FBFBC01009D02C5 /* Build configuration list for PBXProject "PitchAnalysis" */ = {
			isa = XCConfigurationList;
			buildConfigurations = (
				C2BADBF51FBFBC01009D02C5 /* Debug */,
				C2BADBF61FBFBC01009D02C5 /* Release */,
			);
			defaultConfigurationIsVisible = 0;
			defaultConfigurationName = Release;
		};
		C2BADBF71FBFBC01009D02C5 /* Build configuration list for PBXNativeTarget "PitchAnalysis" */ = {
			isa = XCConfigurationList;
			buildConfigurations = (
				C2BADBF81FBFBC01009D02C5 /* Debug */,
				C2BADBF91FBFBC01009D02C5 /* Release */,
			);
			defaultConfigurationIsVisible = 0;
			defaultConfigurationName = Release;
		};
/* End XCConfigurationList section */
	};
	rootObject = C2BADBE81FBFBC01009D02C5 /* Project object */;
}
